PODS:
  - 25519 (2.0.2)
  - AFNetworking (3.2.1):
    - AFNetworking/NSURLSession (= 3.2.1)
    - AFNetworking/Reachability (= 3.2.1)
    - AFNetworking/Security (= 3.2.1)
    - AFNetworking/Serialization (= 3.2.1)
    - AFNetworking/UIKit (= 3.2.1)
  - AFNetworking/NSURLSession (3.2.1):
    - AFNetworking/Reachability
    - AFNetworking/Security
    - AFNetworking/Serialization
  - AFNetworking/Reachability (3.2.1)
  - AFNetworking/Security (3.2.1)
  - AFNetworking/Serialization (3.2.1)
  - AFNetworking/UIKit (3.2.1):
    - AFNetworking/NSURLSession
  - ATAppUpdater (2.0)
  - AxolotlKit (0.8.1):
    - 25519 (~> 2.0.1)
    - CocoaLumberjack
    - HKDFKit (~> 0.0.3)
    - ProtocolBuffers (~> 1.9.8)
  - CocoaLumberjack (2.4.0):
    - CocoaLumberjack/Default (= 2.4.0)
    - CocoaLumberjack/Extensions (= 2.4.0)
  - CocoaLumberjack/Core (2.4.0)
  - CocoaLumberjack/Default (2.4.0):
    - CocoaLumberjack/Core
  - CocoaLumberjack/Extensions (2.4.0):
    - CocoaLumberjack/Default
  - GRKOpenSSLFramework (1.0.2.12)
  - HKDFKit (0.0.3)
  - JSQMessagesViewController (7.3.4):
    - JSQSystemSoundPlayer (~> 2.0.1)
  - JSQSystemSoundPlayer (2.0.1)
  - libPhoneNumber-iOS (0.9.13)
  - Mantle (2.1.0):
    - Mantle/extobjc (= 2.1.0)
  - Mantle/extobjc (2.1.0)
  - OpenSSL (1.0.210)
  - ProtocolBuffers (1.9.11)
  - PureLayout (3.1.4)
  - Reachability (3.2)
  - SAMKeychain (1.5.3)
  - SignalServiceKit (0.9.0):
    - '25519'
    - AFNetworking
    - AxolotlKit
    - CocoaLumberjack
    - libPhoneNumber-iOS
    - Mantle
    - OpenSSL
    - Reachability
    - SAMKeychain
    - SocketRocket
    - TwistedOakCollapsingFutures
    - YapDatabase/SQLCipher (~> 2.9.3)
  - SocketRocket (0.5.1)
  - SQLCipher (3.4.1):
    - SQLCipher/standard (= 3.4.1)
  - SQLCipher/common (3.4.1)
  - SQLCipher/fts (3.4.1):
    - SQLCipher/common
  - SQLCipher/standard (3.4.1):
    - SQLCipher/common
  - TwistedOakCollapsingFutures (1.0.0):
    - UnionFind (~> 1.0)
  - UnionFind (1.0.1)
  - YapDatabase/SQLCipher (2.9.3):
    - YapDatabase/SQLCipher/Core (= 2.9.3)
    - YapDatabase/SQLCipher/Extensions (= 2.9.3)
  - YapDatabase/SQLCipher/Core (2.9.3):
    - CocoaLumberjack (~> 2)
    - SQLCipher/fts
  - YapDatabase/SQLCipher/Extensions (2.9.3):
    - YapDatabase/SQLCipher/Core
    - YapDatabase/SQLCipher/Extensions/ActionManager (= 2.9.3)
    - YapDatabase/SQLCipher/Extensions/CloudKit (= 2.9.3)
    - YapDatabase/SQLCipher/Extensions/ConnectionProxy (= 2.9.3)
    - YapDatabase/SQLCipher/Extensions/CrossProcessNotification (= 2.9.3)
    - YapDatabase/SQLCipher/Extensions/FilteredViews (= 2.9.3)
    - YapDatabase/SQLCipher/Extensions/FullTextSearch (= 2.9.3)
    - YapDatabase/SQLCipher/Extensions/Hooks (= 2.9.3)
    - YapDatabase/SQLCipher/Extensions/Relationships (= 2.9.3)
    - YapDatabase/SQLCipher/Extensions/RTreeIndex (= 2.9.3)
    - YapDatabase/SQLCipher/Extensions/SearchResults (= 2.9.3)
    - YapDatabase/SQLCipher/Extensions/SecondaryIndex (= 2.9.3)
    - YapDatabase/SQLCipher/Extensions/Views (= 2.9.3)
  - YapDatabase/SQLCipher/Extensions/ActionManager (2.9.3):
    - YapDatabase/SQLCipher/Core
    - YapDatabase/SQLCipher/Extensions/Views
  - YapDatabase/SQLCipher/Extensions/CloudKit (2.9.3):
    - YapDatabase/SQLCipher/Core
  - YapDatabase/SQLCipher/Extensions/ConnectionProxy (2.9.3):
    - YapDatabase/SQLCipher/Core
  - YapDatabase/SQLCipher/Extensions/CrossProcessNotification (2.9.3):
    - YapDatabase/SQLCipher/Core
  - YapDatabase/SQLCipher/Extensions/FilteredViews (2.9.3):
    - YapDatabase/SQLCipher/Core
    - YapDatabase/SQLCipher/Extensions/Views
  - YapDatabase/SQLCipher/Extensions/FullTextSearch (2.9.3):
    - YapDatabase/SQLCipher/Core
  - YapDatabase/SQLCipher/Extensions/Hooks (2.9.3):
    - YapDatabase/SQLCipher/Core
  - YapDatabase/SQLCipher/Extensions/Relationships (2.9.3):
    - YapDatabase/SQLCipher/Core
  - YapDatabase/SQLCipher/Extensions/RTreeIndex (2.9.3):
    - YapDatabase/SQLCipher/Core
  - YapDatabase/SQLCipher/Extensions/SearchResults (2.9.3):
    - YapDatabase/SQLCipher/Core
    - YapDatabase/SQLCipher/Extensions/FullTextSearch
    - YapDatabase/SQLCipher/Extensions/Views
  - YapDatabase/SQLCipher/Extensions/SecondaryIndex (2.9.3):
    - YapDatabase/SQLCipher/Core
  - YapDatabase/SQLCipher/Extensions/Views (2.9.3):
    - YapDatabase/SQLCipher/Core

DEPENDENCIES:
  - ATAppUpdater
  - AxolotlKit (from `https://github.com/WhisperSystems/SignalProtocolKit.git`, commit `7179db4653787873856daa1f1dbfad168b81dad0`)
  - GRKOpenSSLFramework (from `https://github.com/WhisperSystems/GRKOpenSSLFramework`)
  - JSQMessagesViewController (from `https://github.com/WhisperSystems/JSQMessagesViewController.git`, branch `signal-master`)
  - PureLayout
  - Reachability
  - SignalServiceKit (from `.`)
  - SocketRocket (from `https://github.com/facebook/SocketRocket.git`)
  - SQLCipher (= 3.4.1)

SPEC REPOS:
  https://github.com/cocoapods/specs.git:
    - '25519'
    - AFNetworking
    - ATAppUpdater
    - CocoaLumberjack
    - HKDFKit
    - JSQSystemSoundPlayer
    - libPhoneNumber-iOS
    - Mantle
    - OpenSSL
    - ProtocolBuffers
    - PureLayout
    - Reachability
    - SAMKeychain
    - SQLCipher
    - TwistedOakCollapsingFutures
    - UnionFind
    - YapDatabase

EXTERNAL SOURCES:
  AxolotlKit:
    :commit: 7179db4653787873856daa1f1dbfad168b81dad0
    :git: https://github.com/WhisperSystems/SignalProtocolKit.git
  GRKOpenSSLFramework:
    :git: https://github.com/WhisperSystems/GRKOpenSSLFramework
  JSQMessagesViewController:
    :branch: signal-master
    :git: https://github.com/WhisperSystems/JSQMessagesViewController.git
  SignalServiceKit:
    :path: "."
  SocketRocket:
    :git: https://github.com/facebook/SocketRocket.git

CHECKOUT OPTIONS:
  AxolotlKit:
    :commit: 7179db4653787873856daa1f1dbfad168b81dad0
    :git: https://github.com/WhisperSystems/SignalProtocolKit.git
  GRKOpenSSLFramework:
    :commit: b799c27e7927e5304ec1e4ad53c6d33c6fd1cae7
    :git: https://github.com/WhisperSystems/GRKOpenSSLFramework
  JSQMessagesViewController:
    :commit: 7d9e7562c67f3c7c71962bf9fe15c1695333c92f
    :git: https://github.com/WhisperSystems/JSQMessagesViewController.git
  SocketRocket:
    :commit: 0a023409b138039d1ab5ac5431fe61c5f334e86b
    :git: https://github.com/facebook/SocketRocket.git

SPEC CHECKSUMS:
  '25519': dc4bad7e2dbcbf1efa121068a705a44cd98c80fc
  AFNetworking: b6f891fdfaed196b46c7a83cf209e09697b94057
  ATAppUpdater: a9f7027060959d47e58733d3b48f6b9a28cb8de1
  AxolotlKit: ba0ab24b879d34559a68e1270b079cc9bd7b3417
  CocoaLumberjack: aa9dcab71bdf9eaf2a63bbd9ddc87863efe45457
  GRKOpenSSLFramework: 8a3735ad41e7dc1daff460467bccd32ca5d6ae3e
  HKDFKit: c058305d6f64b84f28c50bd7aa89574625bcb62a
  JSQMessagesViewController: 39fed975e3c9f8eba7292071e29eeb541d105e66
  JSQSystemSoundPlayer: c5850e77a4363ffd374cd851154b9af93264ed8d
  libPhoneNumber-iOS: e444379ac18bbfbdefad571da735b2cd7e096caa
  Mantle: 2fa750afa478cd625a94230fbf1c13462f29395b
  OpenSSL: 246ffb948e9d56466727fd318134af35f5aa764e
  ProtocolBuffers: d509225eb2ea43d9582a59e94348fcf86e2abd65
  PureLayout: f08c01b8dec00bb14a1fefa3de4c7d9c265df85e
  Reachability: 33e18b67625424e47b6cde6d202dce689ad7af96
  SAMKeychain: 483e1c9f32984d50ca961e26818a534283b4cd5c
  SignalServiceKit: 97483ef208b742a64bea4e581ed5b06149954b67
  SocketRocket: dbb1554b8fc288ef8ef370d6285aeca7361be31e
  SQLCipher: 43d12c0eb9c57fb438749618fc3ce0065509a559
  TwistedOakCollapsingFutures: f359b90f203e9ab13dfb92c9ff41842a7fe1cd0c
  UnionFind: c33be5adb12983981d6e827ea94fc7f9e370f52d
  YapDatabase: cd911121580ff16675f65ad742a9eb0ab4d9e266

PODFILE CHECKSUM: b9e0bd2ecd8b4cb5cbcccdfb9b0addafde95875a

COCOAPODS: 1.5.3
